
Microsoft Visual Studio Solution File, Format Version 12.00
# Visual Studio 14
VisualStudioVersion = 14.0.25420.1
MinimumVisualStudioVersion = 10.0.40219.1
Project("{FAE04EC0-301F-11D3-BF4B-00C04F79EFBC}") = "DeliveryService", "DeliveryService\DeliveryService.csproj", "{9C900396-40C1-47A5-8F0F-D4BE98D72186}"
EndProject
Project("{FAE04EC0-301F-11D3-BF4B-00C04F79EFBC}") = "DAL", "DAL\DAL.csproj", "{A7A03484-D2DE-45F9-9B47-603D1975B4B8}"
EndProject
Project("{FAE04EC0-301F-11D3-BF4B-00C04F79EFBC}") = "Infrastructure", "Infrastructure\Infrastructure.csproj", "{D1D10BF2-D520-43DE-B4DB-C94436C67BA9}"
EndProject
Project("{FAE04EC0-301F-11D3-BF4B-00C04F79EFBC}") = "ServiceLayer", "ServiceLayer\ServiceLayer.csproj", "{537BD4F6-7FD2-4E0C-94F6-B6728BBBFC6A}"
EndProject
Project("{FAE04EC0-301F-11D3-BF4B-00C04F79EFBC}") = "DeliveryService.API", "DeliveryService.API\DeliveryService.API.csproj", "{4C26E589-3CEA-4D33-8220-7B9E2E8C037C}"
EndProject
Project("{FAE04EC0-301F-11D3-BF4B-00C04F79EFBC}") = "SignalRSelfHost", "SignalRSelfHost\SignalRSelfHost.csproj", "{1795B9E2-AC32-40BF-A01E-24493456A6E8}"
EndProject
Project("{FAE04EC0-301F-11D3-BF4B-00C04F79EFBC}") = "DeliveryService.Models", "DeliveryService.Models\DeliveryService.Models.csproj", "{B0ED943F-9333-4C81-9293-33AAF7761678}"
EndProject
Global
	GlobalSection(SolutionConfigurationPlatforms) = preSolution
		Debug|Any CPU = Debug|Any CPU
		Release|Any CPU = Release|Any CPU
	EndGlobalSection
	GlobalSection(ProjectConfigurationPlatforms) = postSolution
		{9C900396-40C1-47A5-8F0F-D4BE98D72186}.Debug|Any CPU.ActiveCfg = Debug|Any CPU
		{9C900396-40C1-47A5-8F0F-D4BE98D72186}.Debug|Any CPU.Build.0 = Debug|Any CPU
		{9C900396-40C1-47A5-8F0F-D4BE98D72186}.Release|Any CPU.ActiveCfg = Release|Any CPU
		{9C900396-40C1-47A5-8F0F-D4BE98D72186}.Release|Any CPU.Build.0 = Release|Any CPU
		{A7A03484-D2DE-45F9-9B47-603D1975B4B8}.Debug|Any CPU.ActiveCfg = Debug|Any CPU
		{A7A03484-D2DE-45F9-9B47-603D1975B4B8}.Debug|Any CPU.Build.0 = Debug|Any CPU
		{A7A03484-D2DE-45F9-9B47-603D1975B4B8}.Release|Any CPU.ActiveCfg = Release|Any CPU
		{A7A03484-D2DE-45F9-9B47-603D1975B4B8}.Release|Any CPU.Build.0 = Release|Any CPU
		{D1D10BF2-D520-43DE-B4DB-C94436C67BA9}.Debug|Any CPU.ActiveCfg = Debug|Any CPU
		{D1D10BF2-D520-43DE-B4DB-C94436C67BA9}.Debug|Any CPU.Build.0 = Debug|Any CPU
		{D1D10BF2-D520-43DE-B4DB-C94436C67BA9}.Release|Any CPU.ActiveCfg = Release|Any CPU
		{D1D10BF2-D520-43DE-B4DB-C94436C67BA9}.Release|Any CPU.Build.0 = Release|Any CPU
		{537BD4F6-7FD2-4E0C-94F6-B6728BBBFC6A}.Debug|Any CPU.ActiveCfg = Debug|Any CPU
		{537BD4F6-7FD2-4E0C-94F6-B6728BBBFC6A}.Debug|Any CPU.Build.0 = Debug|Any CPU
		{537BD4F6-7FD2-4E0C-94F6-B6728BBBFC6A}.Release|Any CPU.ActiveCfg = Release|Any CPU
		{537BD4F6-7FD2-4E0C-94F6-B6728BBBFC6A}.Release|Any CPU.Build.0 = Release|Any CPU
		{4C26E589-3CEA-4D33-8220-7B9E2E8C037C}.Debug|Any CPU.ActiveCfg = Debug|Any CPU
		{4C26E589-3CEA-4D33-8220-7B9E2E8C037C}.Debug|Any CPU.Build.0 = Debug|Any CPU
		{4C26E589-3CEA-4D33-8220-7B9E2E8C037C}.Release|Any CPU.ActiveCfg = Release|Any CPU
		{4C26E589-3CEA-4D33-8220-7B9E2E8C037C}.Release|Any CPU.Build.0 = Release|Any CPU
		{1795B9E2-AC32-40BF-A01E-24493456A6E8}.Debug|Any CPU.ActiveCfg = Debug|Any CPU
		{1795B9E2-AC32-40BF-A01E-24493456A6E8}.Debug|Any CPU.Build.0 = Debug|Any CPU
		{1795B9E2-AC32-40BF-A01E-24493456A6E8}.Release|Any CPU.ActiveCfg = Release|Any CPU
		{1795B9E2-AC32-40BF-A01E-24493456A6E8}.Release|Any CPU.Build.0 = Release|Any CPU
		{B0ED943F-9333-4C81-9293-33AAF7761678}.Debug|Any CPU.ActiveCfg = Debug|Any CPU
		{B0ED943F-9333-4C81-9293-33AAF7761678}.Debug|Any CPU.Build.0 = Debug|Any CPU
		{B0ED943F-9333-4C81-9293-33AAF7761678}.Release|Any CPU.ActiveCfg = Release|Any CPU
		{B0ED943F-9333-4C81-9293-33AAF7761678}.Release|Any CPU.Build.0 = Release|Any CPU
	EndGlobalSection
	GlobalSection(SolutionProperties) = preSolution
		HideSolutionNode = FALSE
	EndGlobalSection
EndGlobal
